
Microsoft Visual Studio Solution File, Format Version 12.00
# Visual Studio Version 17
VisualStudioVersion = 17.6.33829.357
MinimumVisualStudioVersion = 10.0.40219.1
Project("{8BC9CEB8-8B4A-11D0-8D11-00A0C91BC942}") = "Problems30", "Problems30\Problems30.vcxproj", "{E470E358-240F-4C0F-B55F-43968F6B4AAF}"
EndProject
Global
	GlobalSection(SolutionConfigurationPlatforms) = preSolution
		Debug|x64 = Debug|x64
		Debug|x86 = Debug|x86
		Release|x64 = Release|x64
		Release|x86 = Release|x86
	EndGlobalSection
	GlobalSection(ProjectConfigurationPlatforms) = postSolution
		{E470E358-240F-4C0F-B55F-43968F6B4AAF}.Debug|x64.ActiveCfg = Debug|x64
		{E470E358-240F-4C0F-B55F-43968F6B4AAF}.Debug|x64.Build.0 = Debug|x64
		{E470E358-240F-4C0F-B55F-43968F6B4AAF}.Debug|x86.ActiveCfg = Debug|Win32
		{E470E358-240F-4C0F-B55F-43968F6B4AAF}.Debug|x86.Build.0 = Debug|Win32
		{E470E358-240F-4C0F-B55F-43968F6B4AAF}.Release|x64.ActiveCfg = Release|x64
		{E470E358-240F-4C0F-B55F-43968F6B4AAF}.Release|x64.Build.0 = Release|x64
		{E470E358-240F-4C0F-B55F-43968F6B4AAF}.Release|x86.ActiveCfg = Release|Win32
		{E470E358-240F-4C0F-B55F-43968F6B4AAF}.Release|x86.Build.0 = Release|Win32
	EndGlobalSection
	GlobalSection(SolutionProperties) = preSolution
		HideSolutionNode = FALSE
	EndGlobalSection
	GlobalSection(ExtensibilityGlobals) = postSolution
		SolutionGuid = {641E06F1-DB46-40F2-90DC-3A63986F5B9E}
	EndGlobalSection
EndGlobal
