
Microsoft Visual Studio Solution File, Format Version 12.00
# Visual Studio Version 17
VisualStudioVersion = 17.6.33829.357
MinimumVisualStudioVersion = 10.0.40219.1
Project("{8BC9CEB8-8B4A-11D0-8D11-00A0C91BC942}") = "Problem6", "Problem6\Problem6.vcxproj", "{B225033E-C838-4454-9714-96168046416D}"
EndProject
Global
	GlobalSection(SolutionConfigurationPlatforms) = preSolution
		Debug|x64 = Debug|x64
		Debug|x86 = Debug|x86
		Release|x64 = Release|x64
		Release|x86 = Release|x86
	EndGlobalSection
	GlobalSection(ProjectConfigurationPlatforms) = postSolution
		{B225033E-C838-4454-9714-96168046416D}.Debug|x64.ActiveCfg = Debug|x64
		{B225033E-C838-4454-9714-96168046416D}.Debug|x64.Build.0 = Debug|x64
		{B225033E-C838-4454-9714-96168046416D}.Debug|x86.ActiveCfg = Debug|Win32
		{B225033E-C838-4454-9714-96168046416D}.Debug|x86.Build.0 = Debug|Win32
		{B225033E-C838-4454-9714-96168046416D}.Release|x64.ActiveCfg = Release|x64
		{B225033E-C838-4454-9714-96168046416D}.Release|x64.Build.0 = Release|x64
		{B225033E-C838-4454-9714-96168046416D}.Release|x86.ActiveCfg = Release|Win32
		{B225033E-C838-4454-9714-96168046416D}.Release|x86.Build.0 = Release|Win32
	EndGlobalSection
	GlobalSection(SolutionProperties) = preSolution
		HideSolutionNode = FALSE
	EndGlobalSection
	GlobalSection(ExtensibilityGlobals) = postSolution
		SolutionGuid = {CC77A519-5A4C-4E89-BD18-D3029A5B06E5}
	EndGlobalSection
EndGlobal
